
Microsoft Visual Studio Solution File, Format Version 12.00
# Visual Studio Version 16
VisualStudioVersion = 16.0.30002.166
MinimumVisualStudioVersion = 10.0.40219.1
Project("{FAE04EC0-301F-11D3-BF4B-00C04F79EFBC}") = "Roblox Legacy Place Convertor", "Roblox Legacy Place Convertor\Roblox Legacy Place Convertor.csproj", "{74F6264B-857C-4F8C-8496-135F0A08D8FD}"
EndProject
Global
	GlobalSection(SolutionConfigurationPlatforms) = preSolution
		Debug|Any CPU = Debug|Any CPU
		Release|Any CPU = Release|Any CPU
	EndGlobalSection
	GlobalSection(ProjectConfigurationPlatforms) = postSolution
		{74F6264B-857C-4F8C-8496-135F0A08D8FD}.Debug|Any CPU.ActiveCfg = Debug|Any CPU
		{74F6264B-857C-4F8C-8496-135F0A08D8FD}.Debug|Any CPU.Build.0 = Debug|Any CPU
		{74F6264B-857C-4F8C-8496-135F0A08D8FD}.Release|Any CPU.ActiveCfg = Release|Any CPU
		{74F6264B-857C-4F8C-8496-135F0A08D8FD}.Release|Any CPU.Build.0 = Release|Any CPU
	EndGlobalSection
	GlobalSection(SolutionProperties) = preSolution
		HideSolutionNode = FALSE
	EndGlobalSection
	GlobalSection(ExtensibilityGlobals) = postSolution
		SolutionGuid = {866E4067-7513-4175-B39F-B0C27D25AF61}
	EndGlobalSection
EndGlobal
